
Microsoft Visual Studio Solution File, Format Version 12.00
Project("{FAE04EC0-301F-11D3-BF4B-00C04F79EFBC}") = "WebApplication1", "WebApplication1\WebApplication1.csproj", "{BA78D129-F58D-4B5D-AF23-53CE40BCA02D}"
EndProject
Global
	GlobalSection(SolutionConfigurationPlatforms) = preSolution
		Debug|Any CPU = Debug|Any CPU
		Release|Any CPU = Release|Any CPU
	EndGlobalSection
	GlobalSection(ProjectConfigurationPlatforms) = postSolution
		{BA78D129-F58D-4B5D-AF23-53CE40BCA02D}.Debug|Any CPU.ActiveCfg = Debug|Any CPU
		{BA78D129-F58D-4B5D-AF23-53CE40BCA02D}.Debug|Any CPU.Build.0 = Debug|Any CPU
		{BA78D129-F58D-4B5D-AF23-53CE40BCA02D}.Release|Any CPU.ActiveCfg = Release|Any CPU
		{BA78D129-F58D-4B5D-AF23-53CE40BCA02D}.Release|Any CPU.Build.0 = Release|Any CPU
	EndGlobalSection
EndGlobal
